
Microsoft Visual Studio Solution File, Format Version 12.00
# Visual Studio 14
VisualStudioVersion = 14.0.25420.1
MinimumVisualStudioVersion = 10.0.40219.1
Project("{FAE04EC0-301F-11D3-BF4B-00C04F79EFBC}") = "MessageHub.Lib", "MessageHub.Lib\MessageHub.Lib.csproj", "{3BBBCEC1-3C7C-42A8-BB80-E1FB221B225B}"
EndProject
Project("{FAE04EC0-301F-11D3-BF4B-00C04F79EFBC}") = "MessageHub.Lib.Test", "MessageHub.Lib.Test\MessageHub.Lib.Test.csproj", "{1A553772-A317-42CA-B2D6-355CEAE3F300}"
EndProject
Project("{FAE04EC0-301F-11D3-BF4B-00C04F79EFBC}") = "MessageHub.Wcf", "MessageHub.Wcf\MessageHub.Wcf.csproj", "{A1E29FA4-1A18-4CD6-AC28-EF5F75ABB375}"
EndProject
Project("{FAE04EC0-301F-11D3-BF4B-00C04F79EFBC}") = "MessageHub.Wcf.Test", "MessageHub.Wcf.Test\MessageHub.Wcf.Test.csproj", "{2EE5AB52-78AF-4A0E-8C76-41D32F501A87}"
EndProject
Project("{FAE04EC0-301F-11D3-BF4B-00C04F79EFBC}") = "MessageHub.SignalR", "MessageHub.SignalR\MessageHub.SignalR.csproj", "{292E2C3D-0792-441D-AE1F-CAF92E585CF5}"
EndProject
Project("{FAE04EC0-301F-11D3-BF4B-00C04F79EFBC}") = "MessageHub.SignalR.Test", "MessageHub.SignalR.Test\MessageHub.SignalR.Test.csproj", "{13B063DC-B09A-4A55-A919-0F5BA4AF0C64}"
EndProject
Project("{2150E333-8FDC-42A3-9474-1A3956D46DE8}") = "SignalR Demos", "SignalR Demos", "{46489A86-7910-4574-A745-D6E25FB75779}"
EndProject
Project("{FAE04EC0-301F-11D3-BF4B-00C04F79EFBC}") = "MessageHub.SignalR.Service", "Demos\MessageHub.SignalR.Service\MessageHub.SignalR.Service.csproj", "{53D77D04-5E32-4642-829F-D9DBEDB99478}"
EndProject
Project("{FAE04EC0-301F-11D3-BF4B-00C04F79EFBC}") = "MessageHub.SignalR.Client", "Demos\MessageHub.SignalR.Client\MessageHub.SignalR.Client.csproj", "{1407460C-A9E6-4BFE-8B5C-772A8096516D}"
EndProject
Project("{2150E333-8FDC-42A3-9474-1A3956D46DE8}") = "Wcf Demos", "Wcf Demos", "{88E0CBB7-8897-410F-993C-3EC39B6CCDA8}"
EndProject
Project("{FAE04EC0-301F-11D3-BF4B-00C04F79EFBC}") = "MessageHub.Wcf.Service", "Demos\MessageHub.Wcf.Service\MessageHub.Wcf.Service.csproj", "{F7C14258-8CA6-4894-A41C-76A102A36F99}"
EndProject
Project("{FAE04EC0-301F-11D3-BF4B-00C04F79EFBC}") = "MessageHub.Wcf.Client", "Demos\MessageHub.Wcf.Client\MessageHub.Wcf.Client.csproj", "{E6DB6A57-C8F0-476C-8FB8-D23FBE5198AC}"
EndProject
Global
	GlobalSection(SolutionConfigurationPlatforms) = preSolution
		Debug|Any CPU = Debug|Any CPU
		Release|Any CPU = Release|Any CPU
	EndGlobalSection
	GlobalSection(ProjectConfigurationPlatforms) = postSolution
		{3BBBCEC1-3C7C-42A8-BB80-E1FB221B225B}.Debug|Any CPU.ActiveCfg = Debug|Any CPU
		{3BBBCEC1-3C7C-42A8-BB80-E1FB221B225B}.Debug|Any CPU.Build.0 = Debug|Any CPU
		{3BBBCEC1-3C7C-42A8-BB80-E1FB221B225B}.Release|Any CPU.ActiveCfg = Release|Any CPU
		{3BBBCEC1-3C7C-42A8-BB80-E1FB221B225B}.Release|Any CPU.Build.0 = Release|Any CPU
		{1A553772-A317-42CA-B2D6-355CEAE3F300}.Debug|Any CPU.ActiveCfg = Debug|Any CPU
		{1A553772-A317-42CA-B2D6-355CEAE3F300}.Debug|Any CPU.Build.0 = Debug|Any CPU
		{1A553772-A317-42CA-B2D6-355CEAE3F300}.Release|Any CPU.ActiveCfg = Release|Any CPU
		{1A553772-A317-42CA-B2D6-355CEAE3F300}.Release|Any CPU.Build.0 = Release|Any CPU
		{A1E29FA4-1A18-4CD6-AC28-EF5F75ABB375}.Debug|Any CPU.ActiveCfg = Debug|Any CPU
		{A1E29FA4-1A18-4CD6-AC28-EF5F75ABB375}.Debug|Any CPU.Build.0 = Debug|Any CPU
		{A1E29FA4-1A18-4CD6-AC28-EF5F75ABB375}.Release|Any CPU.ActiveCfg = Release|Any CPU
		{A1E29FA4-1A18-4CD6-AC28-EF5F75ABB375}.Release|Any CPU.Build.0 = Release|Any CPU
		{2EE5AB52-78AF-4A0E-8C76-41D32F501A87}.Debug|Any CPU.ActiveCfg = Debug|Any CPU
		{2EE5AB52-78AF-4A0E-8C76-41D32F501A87}.Debug|Any CPU.Build.0 = Debug|Any CPU
		{2EE5AB52-78AF-4A0E-8C76-41D32F501A87}.Release|Any CPU.ActiveCfg = Release|Any CPU
		{2EE5AB52-78AF-4A0E-8C76-41D32F501A87}.Release|Any CPU.Build.0 = Release|Any CPU
		{292E2C3D-0792-441D-AE1F-CAF92E585CF5}.Debug|Any CPU.ActiveCfg = Debug|Any CPU
		{292E2C3D-0792-441D-AE1F-CAF92E585CF5}.Debug|Any CPU.Build.0 = Debug|Any CPU
		{292E2C3D-0792-441D-AE1F-CAF92E585CF5}.Release|Any CPU.ActiveCfg = Release|Any CPU
		{292E2C3D-0792-441D-AE1F-CAF92E585CF5}.Release|Any CPU.Build.0 = Release|Any CPU
		{13B063DC-B09A-4A55-A919-0F5BA4AF0C64}.Debug|Any CPU.ActiveCfg = Debug|Any CPU
		{13B063DC-B09A-4A55-A919-0F5BA4AF0C64}.Debug|Any CPU.Build.0 = Debug|Any CPU
		{13B063DC-B09A-4A55-A919-0F5BA4AF0C64}.Release|Any CPU.ActiveCfg = Release|Any CPU
		{13B063DC-B09A-4A55-A919-0F5BA4AF0C64}.Release|Any CPU.Build.0 = Release|Any CPU
		{53D77D04-5E32-4642-829F-D9DBEDB99478}.Debug|Any CPU.ActiveCfg = Debug|Any CPU
		{53D77D04-5E32-4642-829F-D9DBEDB99478}.Debug|Any CPU.Build.0 = Debug|Any CPU
		{53D77D04-5E32-4642-829F-D9DBEDB99478}.Release|Any CPU.ActiveCfg = Release|Any CPU
		{53D77D04-5E32-4642-829F-D9DBEDB99478}.Release|Any CPU.Build.0 = Release|Any CPU
		{1407460C-A9E6-4BFE-8B5C-772A8096516D}.Debug|Any CPU.ActiveCfg = Debug|Any CPU
		{1407460C-A9E6-4BFE-8B5C-772A8096516D}.Debug|Any CPU.Build.0 = Debug|Any CPU
		{1407460C-A9E6-4BFE-8B5C-772A8096516D}.Release|Any CPU.ActiveCfg = Release|Any CPU
		{1407460C-A9E6-4BFE-8B5C-772A8096516D}.Release|Any CPU.Build.0 = Release|Any CPU
		{F7C14258-8CA6-4894-A41C-76A102A36F99}.Debug|Any CPU.ActiveCfg = Debug|Any CPU
		{F7C14258-8CA6-4894-A41C-76A102A36F99}.Debug|Any CPU.Build.0 = Debug|Any CPU
		{F7C14258-8CA6-4894-A41C-76A102A36F99}.Release|Any CPU.ActiveCfg = Release|Any CPU
		{F7C14258-8CA6-4894-A41C-76A102A36F99}.Release|Any CPU.Build.0 = Release|Any CPU
		{E6DB6A57-C8F0-476C-8FB8-D23FBE5198AC}.Debug|Any CPU.ActiveCfg = Debug|Any CPU
		{E6DB6A57-C8F0-476C-8FB8-D23FBE5198AC}.Debug|Any CPU.Build.0 = Debug|Any CPU
		{E6DB6A57-C8F0-476C-8FB8-D23FBE5198AC}.Release|Any CPU.ActiveCfg = Release|Any CPU
		{E6DB6A57-C8F0-476C-8FB8-D23FBE5198AC}.Release|Any CPU.Build.0 = Release|Any CPU
	EndGlobalSection
	GlobalSection(SolutionProperties) = preSolution
		HideSolutionNode = FALSE
	EndGlobalSection
	GlobalSection(NestedProjects) = preSolution
		{53D77D04-5E32-4642-829F-D9DBEDB99478} = {46489A86-7910-4574-A745-D6E25FB75779}
		{1407460C-A9E6-4BFE-8B5C-772A8096516D} = {46489A86-7910-4574-A745-D6E25FB75779}
		{F7C14258-8CA6-4894-A41C-76A102A36F99} = {88E0CBB7-8897-410F-993C-3EC39B6CCDA8}
		{E6DB6A57-C8F0-476C-8FB8-D23FBE5198AC} = {88E0CBB7-8897-410F-993C-3EC39B6CCDA8}
	EndGlobalSection
EndGlobal
